# Generated by pub
# See https://dart.dev/tools/pub/glossary#lockfile
packages:
  very_good_analysis:
    dependency: "direct dev"
    description:
      name: very_good_analysis
      sha256: "27927d1140ce1b140f998b6340f730a626faa5b95110b3e34a238ff254d731d0"
      url: "https://pub.dev"
    source: hosted
    version: "10.1.0"
sdks:
  dart: ">=3.10.7 <4.0.0"
