# Generated by pub
# See https://dart.dev/tools/pub/glossary#lockfile
packages:
  very_good_analysis:
    dependency: "direct dev"
    description:
      name: very_good_analysis
      sha256: "0bd5eb8d6be76aa0d71e70cbdae6cac8f784f761170568e3c2214a6948c7f6d3"
      url: "https://pub.dev"
    source: hosted
    version: "11.0.0"
sdks:
  dart: ">=3.13.3 <4.0.0"
