# Generated by pub
# See https://dart.dev/tools/pub/glossary#lockfile
packages:
  characters:
    dependency: transitive
    description:
      name: characters
      sha256: faf38497bda5ead2a8c7615f4f7939df04333478bf32e4173fcb06d428b5716b
      url: "https://pub.dev"
    source: hosted
    version: "1.4.1"
  collection:
    dependency: transitive
    description:
      name: collection
      sha256: "2f5709ae4d3d59dd8f7cd309b4e023046b57d8a6c82130785d2b0e5868084e76"
      url: "https://pub.dev"
    source: hosted
    version: "1.19.1"
  flutter:
    dependency: "direct main"
    description: flutter
    source: sdk
    version: "0.0.0"
  flutter_web_plugins:
    dependency: transitive
    description: flutter
    source: sdk
    version: "0.0.0"
  material_color_utilities:
    dependency: transitive
    description:
      name: material_color_utilities
      sha256: "9c337007e82b1889149c82ed242ed1cb24a66044e30979c44912381e9be4c48b"
      url: "https://pub.dev"
    source: hosted
    version: "0.13.0"
  meta:
    dependency: transitive
    description:
      name: meta
      sha256: "1741988757a65eb6b36abe716829688cf01910bbf91c34354ff7ec1c3de2b349"
      url: "https://pub.dev"
    source: hosted
    version: "1.18.0"
  path:
    dependency: transitive
    description:
      name: path
      sha256: "75cca69d1490965be98c73ceaea117e8a04dd21217b37b292c9ddbec0d955bc5"
      url: "https://pub.dev"
    source: hosted
    version: "1.9.1"
  plugin_platform_interface:
    dependency: transitive
    description:
      name: plugin_platform_interface
      sha256: "4820fbfdb9478b1ebae27888254d445073732dae3d6ea81f0b7e06d5dedc3f02"
      url: "https://pub.dev"
    source: hosted
    version: "2.1.8"
  rpx:
    dependency: transitive
    description:
      path: rpx
      ref: HEAD
      resolved-ref: acbb3811832453fd571924c49dfab552ad5af8e2
      url: "https://github.com/clong1995/flutter_ui.git"
    source: git
    version: "0.3.0"
  sky_engine:
    dependency: transitive
    description: flutter
    source: sdk
    version: "0.0.0"
  ui_alert:
    dependency: "direct main"
    description:
      path: ui_alert
      ref: HEAD
      resolved-ref: acbb3811832453fd571924c49dfab552ad5af8e2
      url: "https://github.com/clong1995/flutter_ui.git"
    source: git
    version: "0.3.0"
  ui_button:
    dependency: "direct main"
    description:
      path: ui_button
      ref: HEAD
      resolved-ref: acbb3811832453fd571924c49dfab552ad5af8e2
      url: "https://github.com/clong1995/flutter_ui.git"
    source: git
    version: "0.3.0"
  ui_disable:
    dependency: transitive
    description:
      path: ui_disable
      ref: HEAD
      resolved-ref: acbb3811832453fd571924c49dfab552ad5af8e2
      url: "https://github.com/clong1995/flutter_ui.git"
    source: git
    version: "0.3.0"
  ui_theme:
    dependency: transitive
    description:
      path: ui_theme
      ref: HEAD
      resolved-ref: acbb3811832453fd571924c49dfab552ad5af8e2
      url: "https://github.com/clong1995/flutter_ui.git"
    source: git
    version: "0.3.0"
  ui_webview:
    dependency: "direct main"
    description:
      path: ui_webview
      ref: HEAD
      resolved-ref: acbb3811832453fd571924c49dfab552ad5af8e2
      url: "https://github.com/clong1995/flutter_ui.git"
    source: git
    version: "0.1.2"
  vector_math:
    dependency: transitive
    description:
      name: vector_math
      sha256: d530bd74fea330e6e364cda7a85019c434070188383e1cd8d9777ee586914c5b
      url: "https://pub.dev"
    source: hosted
    version: "2.2.0"
  very_good_analysis:
    dependency: "direct dev"
    description:
      name: very_good_analysis
      sha256: "481af67ab5877af20325251dc215a4ebac7666a1c8cf09198ffd457bc612b33d"
      url: "https://pub.dev"
    source: hosted
    version: "10.3.0"
  web:
    dependency: transitive
    description:
      name: web
      sha256: "868d88a33d8a87b18ffc05f9f030ba328ffefba92d6c127917a2ba740f9cfe4a"
      url: "https://pub.dev"
    source: hosted
    version: "1.1.1"
  webview_flutter:
    dependency: transitive
    description:
      name: webview_flutter
      sha256: e4d3474277c5043f5f3100ed27d94ad693abfd5c602b0221c719a4497e4ba1e4
      url: "https://pub.dev"
    source: hosted
    version: "4.14.0"
  webview_flutter_android:
    dependency: transitive
    description:
      name: webview_flutter_android
      sha256: a97db7a44f8e71af2f3971c45550a08cce1fb60059c1b8e534251e6cfb753490
      url: "https://pub.dev"
    source: hosted
    version: "4.13.0"
  webview_flutter_platform_interface:
    dependency: transitive
    description:
      name: webview_flutter_platform_interface
      sha256: "1221c1b12f5278791042f2ec2841743784cf25c5a644e23d6680e5d718824f04"
      url: "https://pub.dev"
    source: hosted
    version: "2.15.1"
  webview_flutter_web:
    dependency: transitive
    description:
      name: webview_flutter_web
      sha256: "18a7ccc1c31dd9a5c759a1b7217a2a1e04bd8f65712714a4070bfac19a23ca9e"
      url: "https://pub.dev"
    source: hosted
    version: "0.2.3+4"
  webview_flutter_wkwebview:
    dependency: transitive
    description:
      name: webview_flutter_wkwebview
      sha256: c879dd64b87c452aa84381b244d5469da57ba7e8cca6884c7b1e0d406372c12d
      url: "https://pub.dev"
    source: hosted
    version: "3.26.0"
sdks:
  dart: ">=3.12.2 <4.0.0"
  flutter: ">=3.44.4"
